
Microsoft Visual Studio Solution File, Format Version 12.00
# Visual Studio Version 17
VisualStudioVersion = 17.0.31611.283
MinimumVisualStudioVersion = 10.0.40219.1
Project("{9A19103F-16F7-4668-BE54-9A1E7A4F7556}") = "ResourceBusinessObject", "ResourceBusinessObject\ResourceBusinessObject.csproj", "{B4919937-8619-4D27-AC76-596A2D89602F}"
EndProject
Project("{9A19103F-16F7-4668-BE54-9A1E7A4F7556}") = "Syncfusion.Maui.Scheduler", "..\..\june 27\maui-schedule\maui\src\scheduler\Syncfusion.Maui.Scheduler.csproj", "{9BA04A41-44C1-4D29-AE52-97B90EF6A107}"
EndProject
Global
	GlobalSection(SolutionConfigurationPlatforms) = preSolution
		Debug|Any CPU = Debug|Any CPU
		Release|Any CPU = Release|Any CPU
		Release-Xml|Any CPU = Release-Xml|Any CPU
	EndGlobalSection
	GlobalSection(ProjectConfigurationPlatforms) = postSolution
		{B4919937-8619-4D27-AC76-596A2D89602F}.Debug|Any CPU.ActiveCfg = Debug|Any CPU
		{B4919937-8619-4D27-AC76-596A2D89602F}.Debug|Any CPU.Build.0 = Debug|Any CPU
		{B4919937-8619-4D27-AC76-596A2D89602F}.Debug|Any CPU.Deploy.0 = Debug|Any CPU
		{B4919937-8619-4D27-AC76-596A2D89602F}.Release|Any CPU.ActiveCfg = Release|Any CPU
		{B4919937-8619-4D27-AC76-596A2D89602F}.Release|Any CPU.Build.0 = Release|Any CPU
		{B4919937-8619-4D27-AC76-596A2D89602F}.Release|Any CPU.Deploy.0 = Release|Any CPU
		{B4919937-8619-4D27-AC76-596A2D89602F}.Release-Xml|Any CPU.ActiveCfg = Release|Any CPU
		{B4919937-8619-4D27-AC76-596A2D89602F}.Release-Xml|Any CPU.Build.0 = Release|Any CPU
		{B4919937-8619-4D27-AC76-596A2D89602F}.Release-Xml|Any CPU.Deploy.0 = Release|Any CPU
		{9BA04A41-44C1-4D29-AE52-97B90EF6A107}.Debug|Any CPU.ActiveCfg = Debug|Any CPU
		{9BA04A41-44C1-4D29-AE52-97B90EF6A107}.Debug|Any CPU.Build.0 = Debug|Any CPU
		{9BA04A41-44C1-4D29-AE52-97B90EF6A107}.Release|Any CPU.ActiveCfg = Release|Any CPU
		{9BA04A41-44C1-4D29-AE52-97B90EF6A107}.Release|Any CPU.Build.0 = Release|Any CPU
		{9BA04A41-44C1-4D29-AE52-97B90EF6A107}.Release-Xml|Any CPU.ActiveCfg = Release-Xml|Any CPU
		{9BA04A41-44C1-4D29-AE52-97B90EF6A107}.Release-Xml|Any CPU.Build.0 = Release-Xml|Any CPU
	EndGlobalSection
	GlobalSection(SolutionProperties) = preSolution
		HideSolutionNode = FALSE
	EndGlobalSection
	GlobalSection(ExtensibilityGlobals) = postSolution
		SolutionGuid = {61F7FB11-1E47-470C-91E2-47F8143E1572}
	EndGlobalSection
EndGlobal
