
Microsoft Visual Studio Solution File, Format Version 12.00
# Visual Studio Version 17
VisualStudioVersion = 17.1.31903.286
MinimumVisualStudioVersion = 10.0.40219.1
Project("{9A19103F-16F7-4668-BE54-9A1E7A4F7556}") = "GettingStarted", "GettingStarted.csproj", "{60706B29-7386-4A60-B6E7-15663327632B}"
EndProject
Global
	GlobalSection(SolutionConfigurationPlatforms) = preSolution
		Debug|Any CPU = Debug|Any CPU
		Release|Any CPU = Release|Any CPU
	EndGlobalSection
	GlobalSection(ProjectConfigurationPlatforms) = postSolution
		{60706B29-7386-4A60-B6E7-15663327632B}.Debug|Any CPU.ActiveCfg = Debug|Any CPU
		{60706B29-7386-4A60-B6E7-15663327632B}.Debug|Any CPU.Build.0 = Debug|Any CPU
		{60706B29-7386-4A60-B6E7-15663327632B}.Debug|Any CPU.Deploy.0 = Debug|Any CPU
		{60706B29-7386-4A60-B6E7-15663327632B}.Release|Any CPU.ActiveCfg = Release|Any CPU
		{60706B29-7386-4A60-B6E7-15663327632B}.Release|Any CPU.Build.0 = Release|Any CPU
	EndGlobalSection
	GlobalSection(SolutionProperties) = preSolution
		HideSolutionNode = FALSE
	EndGlobalSection
	GlobalSection(ExtensibilityGlobals) = postSolution
		SolutionGuid = {D908C77C-344C-4578-A9D3-8773840CE791}
	EndGlobalSection
EndGlobal
